
Microsoft Visual Studio Solution File, Format Version 12.00
# Visual Studio Version 16
VisualStudioVersion = 16.0.29509.3
MinimumVisualStudioVersion = 10.0.40219.1
Project("{FAE04EC0-301F-11D3-BF4B-00C04F79EFBC}") = "Voyatur", "Voyatur\Voyatur.csproj", "{89C8E0AB-9B86-49CB-8182-805FDE12A21A}"
EndProject
Project("{FAE04EC0-301F-11D3-BF4B-00C04F79EFBC}") = "DataAccessLayer", "DataAccessLayer\DataAccessLayer.csproj", "{D32B6702-C1D6-4FA1-B581-D3C45345034A}"
EndProject
Global
	GlobalSection(SolutionConfigurationPlatforms) = preSolution
		Debug|Any CPU = Debug|Any CPU
		Release|Any CPU = Release|Any CPU
	EndGlobalSection
	GlobalSection(ProjectConfigurationPlatforms) = postSolution
		{89C8E0AB-9B86-49CB-8182-805FDE12A21A}.Debug|Any CPU.ActiveCfg = Debug|Any CPU
		{89C8E0AB-9B86-49CB-8182-805FDE12A21A}.Debug|Any CPU.Build.0 = Debug|Any CPU
		{89C8E0AB-9B86-49CB-8182-805FDE12A21A}.Release|Any CPU.ActiveCfg = Release|Any CPU
		{89C8E0AB-9B86-49CB-8182-805FDE12A21A}.Release|Any CPU.Build.0 = Release|Any CPU
		{D32B6702-C1D6-4FA1-B581-D3C45345034A}.Debug|Any CPU.ActiveCfg = Debug|Any CPU
		{D32B6702-C1D6-4FA1-B581-D3C45345034A}.Debug|Any CPU.Build.0 = Debug|Any CPU
		{D32B6702-C1D6-4FA1-B581-D3C45345034A}.Release|Any CPU.ActiveCfg = Release|Any CPU
		{D32B6702-C1D6-4FA1-B581-D3C45345034A}.Release|Any CPU.Build.0 = Release|Any CPU
	EndGlobalSection
	GlobalSection(SolutionProperties) = preSolution
		HideSolutionNode = FALSE
	EndGlobalSection
	GlobalSection(ExtensibilityGlobals) = postSolution
		SolutionGuid = {41116185-482A-4D9B-A202-376E7E7F5E94}
	EndGlobalSection
EndGlobal
